
Microsoft Visual Studio Solution File, Format Version 12.00
# Visual Studio Version 17
VisualStudioVersion = 17.14.36603.0 d17.14
MinimumVisualStudioVersion = 10.0.40219.1
Project("{FAE04EC0-301F-11D3-BF4B-00C04F79EFBC}") = "FarolFInanceiro", "FarolFInanceiro.csproj", "{7E7130D9-9A1B-48DE-B3F3-40111A5FF047}"
EndProject
Global
	GlobalSection(SolutionConfigurationPlatforms) = preSolution
		Debug|Any CPU = Debug|Any CPU
		Release|Any CPU = Release|Any CPU
	EndGlobalSection
	GlobalSection(ProjectConfigurationPlatforms) = postSolution
		{7E7130D9-9A1B-48DE-B3F3-40111A5FF047}.Debug|Any CPU.ActiveCfg = Debug|Any CPU
		{7E7130D9-9A1B-48DE-B3F3-40111A5FF047}.Debug|Any CPU.Build.0 = Debug|Any CPU
		{7E7130D9-9A1B-48DE-B3F3-40111A5FF047}.Release|Any CPU.ActiveCfg = Release|Any CPU
		{7E7130D9-9A1B-48DE-B3F3-40111A5FF047}.Release|Any CPU.Build.0 = Release|Any CPU
	EndGlobalSection
	GlobalSection(SolutionProperties) = preSolution
		HideSolutionNode = FALSE
	EndGlobalSection
	GlobalSection(ExtensibilityGlobals) = postSolution
		SolutionGuid = {D469187C-6A75-45DF-A5CC-E05DAD64B443}
	EndGlobalSection
EndGlobal
